
Microsoft Visual Studio Solution File, Format Version 12.00
# Visual Studio Version 17
VisualStudioVersion = 17.7.34031.279
MinimumVisualStudioVersion = 10.0.40219.1
Project("{FAE04EC0-301F-11D3-BF4B-00C04F79EFBC}") = "GameStoreHub.Web", "GameStoreHub.Web\GameStoreHub.Web.csproj", "{42B1DCE5-1A78-47A4-A82F-66DE58C2D887}"
EndProject
Global
	GlobalSection(SolutionConfigurationPlatforms) = preSolution
		Debug|Any CPU = Debug|Any CPU
		Release|Any CPU = Release|Any CPU
	EndGlobalSection
	GlobalSection(ProjectConfigurationPlatforms) = postSolution
		{42B1DCE5-1A78-47A4-A82F-66DE58C2D887}.Debug|Any CPU.ActiveCfg = Debug|Any CPU
		{42B1DCE5-1A78-47A4-A82F-66DE58C2D887}.Debug|Any CPU.Build.0 = Debug|Any CPU
		{42B1DCE5-1A78-47A4-A82F-66DE58C2D887}.Release|Any CPU.ActiveCfg = Release|Any CPU
		{42B1DCE5-1A78-47A4-A82F-66DE58C2D887}.Release|Any CPU.Build.0 = Release|Any CPU
	EndGlobalSection
	GlobalSection(SolutionProperties) = preSolution
		HideSolutionNode = FALSE
	EndGlobalSection
	GlobalSection(ExtensibilityGlobals) = postSolution
		SolutionGuid = {079CD50F-12A1-47C0-8D83-4EEFB2C4777D}
	EndGlobalSection
EndGlobal
