
Microsoft Visual Studio Solution File, Format Version 12.00
# Visual Studio Version 17
VisualStudioVersion = 17.7.34031.279
MinimumVisualStudioVersion = 10.0.40219.1
Project("{9A19103F-16F7-4668-BE54-9A1E7A4F7556}") = "GameStoreHub.Web", "GameStoreHub.Web\GameStoreHub.Web.csproj", "{42B1DCE5-1A78-47A4-A82F-66DE58C2D887}"
EndProject
Project("{9A19103F-16F7-4668-BE54-9A1E7A4F7556}") = "GameStoreHub.Common", "GameStoreHub.Common\GameStoreHub.Common.csproj", "{BBC32875-9B0C-47D7-BF0A-882ED56BDFB7}"
EndProject
Project("{9A19103F-16F7-4668-BE54-9A1E7A4F7556}") = "GameStoreHub.Data", "GameStoreHub.Data\GameStoreHub.Data.csproj", "{DBC35DD4-0E44-41FE-8280-8B3A455E7994}"
EndProject
Project("{2150E333-8FDC-42A3-9474-1A3956D46DE8}") = "Web", "Web", "{E472B926-80A6-4CF5-9723-5F6A35BFBC79}"
EndProject
Project("{2150E333-8FDC-42A3-9474-1A3956D46DE8}") = "Data", "Data", "{C7BE9692-077E-408F-AE57-E825E93F61AA}"
EndProject
Project("{9A19103F-16F7-4668-BE54-9A1E7A4F7556}") = "GameStoreHub.Data.Models", "GameStoreHub.Data.Models\GameStoreHub.Data.Models.csproj", "{7526092D-72B4-4DC1-902F-E48540A165ED}"
EndProject
Project("{9A19103F-16F7-4668-BE54-9A1E7A4F7556}") = "GameStoreHub.Web.ViewModels", "GameStoreHub.Web.ViewModels\GameStoreHub.Web.ViewModels.csproj", "{8E2B6257-7213-4F17-9F17-ED988391278F}"
EndProject
Project("{2150E333-8FDC-42A3-9474-1A3956D46DE8}") = "Services", "Services", "{C0E49731-BC33-4DE4-A391-A3473F029D75}"
EndProject
Project("{9A19103F-16F7-4668-BE54-9A1E7A4F7556}") = "GameStoreHub.Services.Data", "GameStoreHub.Services.Data\GameStoreHub.Services.Data.csproj", "{B8359217-2C25-4BE4-824F-9C11B7552DF8}"
EndProject
Project("{9A19103F-16F7-4668-BE54-9A1E7A4F7556}") = "GameStoreHub.Web.Infrastructure", "GameStoreHub.Web.Infrastructure\GameStoreHub.Web.Infrastructure.csproj", "{A62A5F1A-D0B2-431E-9995-D11DC3C93304}"
EndProject
Project("{2150E333-8FDC-42A3-9474-1A3956D46DE8}") = "Tests", "Tests", "{FEB2DCA3-7F35-47D3-8F9D-62A88F89D5DF}"
EndProject
Project("{FAE04EC0-301F-11D3-BF4B-00C04F79EFBC}") = "GameStoreHub.Services.Tests", "GameStoreHub.Services.Tests\GameStoreHub.Services.Tests.csproj", "{EDF30810-98D6-4D34-BE39-6DD25C6990BF}"
EndProject
Global
	GlobalSection(SolutionConfigurationPlatforms) = preSolution
		Debug|Any CPU = Debug|Any CPU
		Release|Any CPU = Release|Any CPU
	EndGlobalSection
	GlobalSection(ProjectConfigurationPlatforms) = postSolution
		{42B1DCE5-1A78-47A4-A82F-66DE58C2D887}.Debug|Any CPU.ActiveCfg = Debug|Any CPU
		{42B1DCE5-1A78-47A4-A82F-66DE58C2D887}.Debug|Any CPU.Build.0 = Debug|Any CPU
		{42B1DCE5-1A78-47A4-A82F-66DE58C2D887}.Release|Any CPU.ActiveCfg = Release|Any CPU
		{42B1DCE5-1A78-47A4-A82F-66DE58C2D887}.Release|Any CPU.Build.0 = Release|Any CPU
		{BBC32875-9B0C-47D7-BF0A-882ED56BDFB7}.Debug|Any CPU.ActiveCfg = Debug|Any CPU
		{BBC32875-9B0C-47D7-BF0A-882ED56BDFB7}.Debug|Any CPU.Build.0 = Debug|Any CPU
		{BBC32875-9B0C-47D7-BF0A-882ED56BDFB7}.Release|Any CPU.ActiveCfg = Release|Any CPU
		{BBC32875-9B0C-47D7-BF0A-882ED56BDFB7}.Release|Any CPU.Build.0 = Release|Any CPU
		{DBC35DD4-0E44-41FE-8280-8B3A455E7994}.Debug|Any CPU.ActiveCfg = Debug|Any CPU
		{DBC35DD4-0E44-41FE-8280-8B3A455E7994}.Debug|Any CPU.Build.0 = Debug|Any CPU
		{DBC35DD4-0E44-41FE-8280-8B3A455E7994}.Release|Any CPU.ActiveCfg = Release|Any CPU
		{DBC35DD4-0E44-41FE-8280-8B3A455E7994}.Release|Any CPU.Build.0 = Release|Any CPU
		{7526092D-72B4-4DC1-902F-E48540A165ED}.Debug|Any CPU.ActiveCfg = Debug|Any CPU
		{7526092D-72B4-4DC1-902F-E48540A165ED}.Debug|Any CPU.Build.0 = Debug|Any CPU
		{7526092D-72B4-4DC1-902F-E48540A165ED}.Release|Any CPU.ActiveCfg = Release|Any CPU
		{7526092D-72B4-4DC1-902F-E48540A165ED}.Release|Any CPU.Build.0 = Release|Any CPU
		{8E2B6257-7213-4F17-9F17-ED988391278F}.Debug|Any CPU.ActiveCfg = Debug|Any CPU
		{8E2B6257-7213-4F17-9F17-ED988391278F}.Debug|Any CPU.Build.0 = Debug|Any CPU
		{8E2B6257-7213-4F17-9F17-ED988391278F}.Release|Any CPU.ActiveCfg = Release|Any CPU
		{8E2B6257-7213-4F17-9F17-ED988391278F}.Release|Any CPU.Build.0 = Release|Any CPU
		{B8359217-2C25-4BE4-824F-9C11B7552DF8}.Debug|Any CPU.ActiveCfg = Debug|Any CPU
		{B8359217-2C25-4BE4-824F-9C11B7552DF8}.Debug|Any CPU.Build.0 = Debug|Any CPU
		{B8359217-2C25-4BE4-824F-9C11B7552DF8}.Release|Any CPU.ActiveCfg = Release|Any CPU
		{B8359217-2C25-4BE4-824F-9C11B7552DF8}.Release|Any CPU.Build.0 = Release|Any CPU
		{A62A5F1A-D0B2-431E-9995-D11DC3C93304}.Debug|Any CPU.ActiveCfg = Debug|Any CPU
		{A62A5F1A-D0B2-431E-9995-D11DC3C93304}.Debug|Any CPU.Build.0 = Debug|Any CPU
		{A62A5F1A-D0B2-431E-9995-D11DC3C93304}.Release|Any CPU.ActiveCfg = Release|Any CPU
		{A62A5F1A-D0B2-431E-9995-D11DC3C93304}.Release|Any CPU.Build.0 = Release|Any CPU
		{EDF30810-98D6-4D34-BE39-6DD25C6990BF}.Debug|Any CPU.ActiveCfg = Debug|Any CPU
		{EDF30810-98D6-4D34-BE39-6DD25C6990BF}.Debug|Any CPU.Build.0 = Debug|Any CPU
		{EDF30810-98D6-4D34-BE39-6DD25C6990BF}.Release|Any CPU.ActiveCfg = Release|Any CPU
		{EDF30810-98D6-4D34-BE39-6DD25C6990BF}.Release|Any CPU.Build.0 = Release|Any CPU
	EndGlobalSection
	GlobalSection(SolutionProperties) = preSolution
		HideSolutionNode = FALSE
	EndGlobalSection
	GlobalSection(NestedProjects) = preSolution
		{42B1DCE5-1A78-47A4-A82F-66DE58C2D887} = {E472B926-80A6-4CF5-9723-5F6A35BFBC79}
		{DBC35DD4-0E44-41FE-8280-8B3A455E7994} = {C7BE9692-077E-408F-AE57-E825E93F61AA}
		{7526092D-72B4-4DC1-902F-E48540A165ED} = {C7BE9692-077E-408F-AE57-E825E93F61AA}
		{8E2B6257-7213-4F17-9F17-ED988391278F} = {E472B926-80A6-4CF5-9723-5F6A35BFBC79}
		{B8359217-2C25-4BE4-824F-9C11B7552DF8} = {C0E49731-BC33-4DE4-A391-A3473F029D75}
		{A62A5F1A-D0B2-431E-9995-D11DC3C93304} = {E472B926-80A6-4CF5-9723-5F6A35BFBC79}
		{EDF30810-98D6-4D34-BE39-6DD25C6990BF} = {FEB2DCA3-7F35-47D3-8F9D-62A88F89D5DF}
	EndGlobalSection
	GlobalSection(ExtensibilityGlobals) = postSolution
		SolutionGuid = {079CD50F-12A1-47C0-8D83-4EEFB2C4777D}
	EndGlobalSection
EndGlobal
